
Microsoft Visual Studio Solution File, Format Version 12.00
# Visual Studio Version 16
VisualStudioVersion = 16.0.30309.148
MinimumVisualStudioVersion = 10.0.40219.1
Project("{FAE04EC0-301F-11D3-BF4B-00C04F79EFBC}") = "TryCatchAssignment", "TryCatchAssignment\TryCatchAssignment.csproj", "{834A7784-8BD7-4FA0-984B-3A9131C948C0}"
EndProject
Global
	GlobalSection(SolutionConfigurationPlatforms) = preSolution
		Debug|Any CPU = Debug|Any CPU
		Release|Any CPU = Release|Any CPU
	EndGlobalSection
	GlobalSection(ProjectConfigurationPlatforms) = postSolution
		{834A7784-8BD7-4FA0-984B-3A9131C948C0}.Debug|Any CPU.ActiveCfg = Debug|Any CPU
		{834A7784-8BD7-4FA0-984B-3A9131C948C0}.Debug|Any CPU.Build.0 = Debug|Any CPU
		{834A7784-8BD7-4FA0-984B-3A9131C948C0}.Release|Any CPU.ActiveCfg = Release|Any CPU
		{834A7784-8BD7-4FA0-984B-3A9131C948C0}.Release|Any CPU.Build.0 = Release|Any CPU
	EndGlobalSection
	GlobalSection(SolutionProperties) = preSolution
		HideSolutionNode = FALSE
	EndGlobalSection
	GlobalSection(ExtensibilityGlobals) = postSolution
		SolutionGuid = {6435CDE9-347B-472B-BEB1-8304894A9D67}
	EndGlobalSection
EndGlobal
