
Microsoft Visual Studio Solution File, Format Version 12.00
# Visual Studio Version 16
VisualStudioVersion = 16.0.30309.148
MinimumVisualStudioVersion = 10.0.40219.1
Project("{FAE04EC0-301F-11D3-BF4B-00C04F79EFBC}") = "StringFunctions", "StringFunctions\StringFunctions.csproj", "{E962E80A-BAD4-44B9-AAE1-F3278801726E}"
EndProject
Global
	GlobalSection(SolutionConfigurationPlatforms) = preSolution
		Debug|Any CPU = Debug|Any CPU
		Release|Any CPU = Release|Any CPU
	EndGlobalSection
	GlobalSection(ProjectConfigurationPlatforms) = postSolution
		{E962E80A-BAD4-44B9-AAE1-F3278801726E}.Debug|Any CPU.ActiveCfg = Debug|Any CPU
		{E962E80A-BAD4-44B9-AAE1-F3278801726E}.Debug|Any CPU.Build.0 = Debug|Any CPU
		{E962E80A-BAD4-44B9-AAE1-F3278801726E}.Release|Any CPU.ActiveCfg = Release|Any CPU
		{E962E80A-BAD4-44B9-AAE1-F3278801726E}.Release|Any CPU.Build.0 = Release|Any CPU
	EndGlobalSection
	GlobalSection(SolutionProperties) = preSolution
		HideSolutionNode = FALSE
	EndGlobalSection
	GlobalSection(ExtensibilityGlobals) = postSolution
		SolutionGuid = {5ACF21B7-181D-431B-ADB1-22625EB1F0C9}
	EndGlobalSection
EndGlobal
