
Microsoft Visual Studio Solution File, Format Version 12.00
# Visual Studio Version 16
VisualStudioVersion = 16.0.30309.148
MinimumVisualStudioVersion = 10.0.40219.1
Project("{FAE04EC0-301F-11D3-BF4B-00C04F79EFBC}") = "VariableAndDataTypes", "VariableAndDataTypes\VariableAndDataTypes.csproj", "{6B525F68-A750-44EB-B186-A90431758F8B}"
EndProject
Global
	GlobalSection(SolutionConfigurationPlatforms) = preSolution
		Debug|Any CPU = Debug|Any CPU
		Release|Any CPU = Release|Any CPU
	EndGlobalSection
	GlobalSection(ProjectConfigurationPlatforms) = postSolution
		{6B525F68-A750-44EB-B186-A90431758F8B}.Debug|Any CPU.ActiveCfg = Debug|Any CPU
		{6B525F68-A750-44EB-B186-A90431758F8B}.Debug|Any CPU.Build.0 = Debug|Any CPU
		{6B525F68-A750-44EB-B186-A90431758F8B}.Release|Any CPU.ActiveCfg = Release|Any CPU
		{6B525F68-A750-44EB-B186-A90431758F8B}.Release|Any CPU.Build.0 = Release|Any CPU
	EndGlobalSection
	GlobalSection(SolutionProperties) = preSolution
		HideSolutionNode = FALSE
	EndGlobalSection
	GlobalSection(ExtensibilityGlobals) = postSolution
		SolutionGuid = {1F20E91A-8AB1-492B-81D7-326A1D56DE0E}
	EndGlobalSection
EndGlobal
