
Microsoft Visual Studio Solution File, Format Version 12.00
# Visual Studio Version 16
VisualStudioVersion = 16.0.30309.148
MinimumVisualStudioVersion = 10.0.40219.1
Project("{FAE04EC0-301F-11D3-BF4B-00C04F79EFBC}") = "Iteration", "Iteration\Iteration.csproj", "{F4D11222-016A-40A6-8454-C6D38259E424}"
EndProject
Global
	GlobalSection(SolutionConfigurationPlatforms) = preSolution
		Debug|Any CPU = Debug|Any CPU
		Release|Any CPU = Release|Any CPU
	EndGlobalSection
	GlobalSection(ProjectConfigurationPlatforms) = postSolution
		{F4D11222-016A-40A6-8454-C6D38259E424}.Debug|Any CPU.ActiveCfg = Debug|Any CPU
		{F4D11222-016A-40A6-8454-C6D38259E424}.Debug|Any CPU.Build.0 = Debug|Any CPU
		{F4D11222-016A-40A6-8454-C6D38259E424}.Release|Any CPU.ActiveCfg = Release|Any CPU
		{F4D11222-016A-40A6-8454-C6D38259E424}.Release|Any CPU.Build.0 = Release|Any CPU
	EndGlobalSection
	GlobalSection(SolutionProperties) = preSolution
		HideSolutionNode = FALSE
	EndGlobalSection
	GlobalSection(ExtensibilityGlobals) = postSolution
		SolutionGuid = {270057A8-A359-4CD7-911A-AC64599D1024}
	EndGlobalSection
EndGlobal
