
Microsoft Visual Studio Solution File, Format Version 12.00
# Visual Studio Version 16
VisualStudioVersion = 16.0.30309.148
MinimumVisualStudioVersion = 10.0.40219.1
Project("{FAE04EC0-301F-11D3-BF4B-00C04F79EFBC}") = "ArrayAndStringAssignment", "ArrayAndStringAssignment\ArrayAndStringAssignment.csproj", "{1066B3D1-F269-483A-9A72-467BAEE1B696}"
EndProject
Global
	GlobalSection(SolutionConfigurationPlatforms) = preSolution
		Debug|Any CPU = Debug|Any CPU
		Release|Any CPU = Release|Any CPU
	EndGlobalSection
	GlobalSection(ProjectConfigurationPlatforms) = postSolution
		{1066B3D1-F269-483A-9A72-467BAEE1B696}.Debug|Any CPU.ActiveCfg = Debug|Any CPU
		{1066B3D1-F269-483A-9A72-467BAEE1B696}.Debug|Any CPU.Build.0 = Debug|Any CPU
		{1066B3D1-F269-483A-9A72-467BAEE1B696}.Release|Any CPU.ActiveCfg = Release|Any CPU
		{1066B3D1-F269-483A-9A72-467BAEE1B696}.Release|Any CPU.Build.0 = Release|Any CPU
	EndGlobalSection
	GlobalSection(SolutionProperties) = preSolution
		HideSolutionNode = FALSE
	EndGlobalSection
	GlobalSection(ExtensibilityGlobals) = postSolution
		SolutionGuid = {7620FB2B-D1C7-4170-BD2A-AA4AD197B0AE}
	EndGlobalSection
EndGlobal
