
Microsoft Visual Studio Solution File, Format Version 12.00
# Visual Studio Version 16
VisualStudioVersion = 16.0.30309.148
MinimumVisualStudioVersion = 10.0.40219.1
Project("{FAE04EC0-301F-11D3-BF4B-00C04F79EFBC}") = "OperatorOverloadAssignment", "OperatorOverloadAssignment\OperatorOverloadAssignment.csproj", "{D6C77908-D3A1-4F28-B1E1-DCC2BA1DAEFB}"
EndProject
Global
	GlobalSection(SolutionConfigurationPlatforms) = preSolution
		Debug|Any CPU = Debug|Any CPU
		Release|Any CPU = Release|Any CPU
	EndGlobalSection
	GlobalSection(ProjectConfigurationPlatforms) = postSolution
		{D6C77908-D3A1-4F28-B1E1-DCC2BA1DAEFB}.Debug|Any CPU.ActiveCfg = Debug|Any CPU
		{D6C77908-D3A1-4F28-B1E1-DCC2BA1DAEFB}.Debug|Any CPU.Build.0 = Debug|Any CPU
		{D6C77908-D3A1-4F28-B1E1-DCC2BA1DAEFB}.Release|Any CPU.ActiveCfg = Release|Any CPU
		{D6C77908-D3A1-4F28-B1E1-DCC2BA1DAEFB}.Release|Any CPU.Build.0 = Release|Any CPU
	EndGlobalSection
	GlobalSection(SolutionProperties) = preSolution
		HideSolutionNode = FALSE
	EndGlobalSection
	GlobalSection(ExtensibilityGlobals) = postSolution
		SolutionGuid = {FE7D1238-94D0-4DCE-8A34-FED2C45C84C5}
	EndGlobalSection
EndGlobal
