
Microsoft Visual Studio Solution File, Format Version 12.00
# Visual Studio Version 16
VisualStudioVersion = 16.0.30309.148
MinimumVisualStudioVersion = 10.0.40219.1
Project("{FAE04EC0-301F-11D3-BF4B-00C04F79EFBC}") = "HelloWorld", "HelloWorld\HelloWorld.csproj", "{E220D578-A905-484C-8400-FF67A6FE5126}"
EndProject
Global
	GlobalSection(SolutionConfigurationPlatforms) = preSolution
		Debug|Any CPU = Debug|Any CPU
		Release|Any CPU = Release|Any CPU
	EndGlobalSection
	GlobalSection(ProjectConfigurationPlatforms) = postSolution
		{E220D578-A905-484C-8400-FF67A6FE5126}.Debug|Any CPU.ActiveCfg = Debug|Any CPU
		{E220D578-A905-484C-8400-FF67A6FE5126}.Debug|Any CPU.Build.0 = Debug|Any CPU
		{E220D578-A905-484C-8400-FF67A6FE5126}.Release|Any CPU.ActiveCfg = Release|Any CPU
		{E220D578-A905-484C-8400-FF67A6FE5126}.Release|Any CPU.Build.0 = Release|Any CPU
	EndGlobalSection
	GlobalSection(SolutionProperties) = preSolution
		HideSolutionNode = FALSE
	EndGlobalSection
	GlobalSection(ExtensibilityGlobals) = postSolution
		SolutionGuid = {6D67021A-2A29-44F1-A8A2-E344E9B5EF77}
	EndGlobalSection
EndGlobal
