
Microsoft Visual Studio Solution File, Format Version 12.00
# Visual Studio Version 16
VisualStudioVersion = 16.0.30309.148
MinimumVisualStudioVersion = 10.0.40219.1
Project("{FAE04EC0-301F-11D3-BF4B-00C04F79EFBC}") = "BranchingAssignment", "BranchingAssignment\BranchingAssignment.csproj", "{99E5236A-A922-42E7-A617-97543F27B80E}"
EndProject
Global
	GlobalSection(SolutionConfigurationPlatforms) = preSolution
		Debug|Any CPU = Debug|Any CPU
		Release|Any CPU = Release|Any CPU
	EndGlobalSection
	GlobalSection(ProjectConfigurationPlatforms) = postSolution
		{99E5236A-A922-42E7-A617-97543F27B80E}.Debug|Any CPU.ActiveCfg = Debug|Any CPU
		{99E5236A-A922-42E7-A617-97543F27B80E}.Debug|Any CPU.Build.0 = Debug|Any CPU
		{99E5236A-A922-42E7-A617-97543F27B80E}.Release|Any CPU.ActiveCfg = Release|Any CPU
		{99E5236A-A922-42E7-A617-97543F27B80E}.Release|Any CPU.Build.0 = Release|Any CPU
	EndGlobalSection
	GlobalSection(SolutionProperties) = preSolution
		HideSolutionNode = FALSE
	EndGlobalSection
	GlobalSection(ExtensibilityGlobals) = postSolution
		SolutionGuid = {5CAE4A60-21A2-4595-879E-766A6E4873B1}
	EndGlobalSection
EndGlobal
