
Microsoft Visual Studio Solution File, Format Version 12.00
# Visual Studio Version 16
VisualStudioVersion = 16.0.30309.148
MinimumVisualStudioVersion = 10.0.40219.1
Project("{FAE04EC0-301F-11D3-BF4B-00C04F79EFBC}") = "MathAndComparisonOperators", "MathAndComparisonOperators\MathAndComparisonOperators.csproj", "{CD6FCEC6-A249-48A9-9206-DFE6C5B14ACF}"
EndProject
Global
	GlobalSection(SolutionConfigurationPlatforms) = preSolution
		Debug|Any CPU = Debug|Any CPU
		Release|Any CPU = Release|Any CPU
	EndGlobalSection
	GlobalSection(ProjectConfigurationPlatforms) = postSolution
		{CD6FCEC6-A249-48A9-9206-DFE6C5B14ACF}.Debug|Any CPU.ActiveCfg = Debug|Any CPU
		{CD6FCEC6-A249-48A9-9206-DFE6C5B14ACF}.Debug|Any CPU.Build.0 = Debug|Any CPU
		{CD6FCEC6-A249-48A9-9206-DFE6C5B14ACF}.Release|Any CPU.ActiveCfg = Release|Any CPU
		{CD6FCEC6-A249-48A9-9206-DFE6C5B14ACF}.Release|Any CPU.Build.0 = Release|Any CPU
	EndGlobalSection
	GlobalSection(SolutionProperties) = preSolution
		HideSolutionNode = FALSE
	EndGlobalSection
	GlobalSection(ExtensibilityGlobals) = postSolution
		SolutionGuid = {E3F4261F-5DB9-492D-8315-D524F94B31B4}
	EndGlobalSection
EndGlobal
