
Microsoft Visual Studio Solution File, Format Version 12.00
# Visual Studio Version 16
VisualStudioVersion = 16.0.30309.148
MinimumVisualStudioVersion = 10.0.40219.1
Project("{FAE04EC0-301F-11D3-BF4B-00C04F79EFBC}") = "myConsolePorject.cs", "myConsolePorject.cs\myConsolePorject.cs.csproj", "{AE99214D-C3D6-401C-B36B-806B8D6DCE98}"
EndProject
Global
	GlobalSection(SolutionConfigurationPlatforms) = preSolution
		Debug|Any CPU = Debug|Any CPU
		Release|Any CPU = Release|Any CPU
	EndGlobalSection
	GlobalSection(ProjectConfigurationPlatforms) = postSolution
		{AE99214D-C3D6-401C-B36B-806B8D6DCE98}.Debug|Any CPU.ActiveCfg = Debug|Any CPU
		{AE99214D-C3D6-401C-B36B-806B8D6DCE98}.Debug|Any CPU.Build.0 = Debug|Any CPU
		{AE99214D-C3D6-401C-B36B-806B8D6DCE98}.Release|Any CPU.ActiveCfg = Release|Any CPU
		{AE99214D-C3D6-401C-B36B-806B8D6DCE98}.Release|Any CPU.Build.0 = Release|Any CPU
	EndGlobalSection
	GlobalSection(SolutionProperties) = preSolution
		HideSolutionNode = FALSE
	EndGlobalSection
	GlobalSection(ExtensibilityGlobals) = postSolution
		SolutionGuid = {37BF1BCD-B133-4C35-8E20-3EFCB3B66A98}
	EndGlobalSection
EndGlobal
