
Microsoft Visual Studio Solution File, Format Version 12.00
# Visual Studio Version 16
VisualStudioVersion = 16.0.30309.148
MinimumVisualStudioVersion = 10.0.40219.1
Project("{FAE04EC0-301F-11D3-BF4B-00C04F79EFBC}") = "Loops", "Loops\Loops.csproj", "{805402D1-F7B1-466E-8574-24420B1CC85E}"
EndProject
Global
	GlobalSection(SolutionConfigurationPlatforms) = preSolution
		Debug|Any CPU = Debug|Any CPU
		Release|Any CPU = Release|Any CPU
	EndGlobalSection
	GlobalSection(ProjectConfigurationPlatforms) = postSolution
		{805402D1-F7B1-466E-8574-24420B1CC85E}.Debug|Any CPU.ActiveCfg = Debug|Any CPU
		{805402D1-F7B1-466E-8574-24420B1CC85E}.Debug|Any CPU.Build.0 = Debug|Any CPU
		{805402D1-F7B1-466E-8574-24420B1CC85E}.Release|Any CPU.ActiveCfg = Release|Any CPU
		{805402D1-F7B1-466E-8574-24420B1CC85E}.Release|Any CPU.Build.0 = Release|Any CPU
	EndGlobalSection
	GlobalSection(SolutionProperties) = preSolution
		HideSolutionNode = FALSE
	EndGlobalSection
	GlobalSection(ExtensibilityGlobals) = postSolution
		SolutionGuid = {13FD74FC-672A-4B90-86F9-0E6CBDA2BC23}
	EndGlobalSection
EndGlobal
